
Microsoft Visual Studio Solution File, Format Version 12.00
# Visual Studio 14
VisualStudioVersion = 14.0.23107.0
MinimumVisualStudioVersion = 10.0.40219.1
Project("{FAE04EC0-301F-11D3-BF4B-00C04F79EFBC}") = "RobotsApp", "RobotsApp\RobotsApp.csproj", "{CE3AF33F-5143-4390-AF9A-BDF35A4EBAE9}"
EndProject
Project("{FAE04EC0-301F-11D3-BF4B-00C04F79EFBC}") = "RopotsAppTests", "RopotsAppTests\RopotsAppTests.csproj", "{F6DC4B52-DFE2-48B0-B007-4C97FC9419FF}"
EndProject
Global
	GlobalSection(SolutionConfigurationPlatforms) = preSolution
		Debug|Any CPU = Debug|Any CPU
		Release|Any CPU = Release|Any CPU
	EndGlobalSection
	GlobalSection(ProjectConfigurationPlatforms) = postSolution
		{CE3AF33F-5143-4390-AF9A-BDF35A4EBAE9}.Debug|Any CPU.ActiveCfg = Debug|Any CPU
		{CE3AF33F-5143-4390-AF9A-BDF35A4EBAE9}.Debug|Any CPU.Build.0 = Debug|Any CPU
		{CE3AF33F-5143-4390-AF9A-BDF35A4EBAE9}.Release|Any CPU.ActiveCfg = Release|Any CPU
		{CE3AF33F-5143-4390-AF9A-BDF35A4EBAE9}.Release|Any CPU.Build.0 = Release|Any CPU
		{F6DC4B52-DFE2-48B0-B007-4C97FC9419FF}.Debug|Any CPU.ActiveCfg = Debug|Any CPU
		{F6DC4B52-DFE2-48B0-B007-4C97FC9419FF}.Debug|Any CPU.Build.0 = Debug|Any CPU
		{F6DC4B52-DFE2-48B0-B007-4C97FC9419FF}.Release|Any CPU.ActiveCfg = Release|Any CPU
		{F6DC4B52-DFE2-48B0-B007-4C97FC9419FF}.Release|Any CPU.Build.0 = Release|Any CPU
	EndGlobalSection
	GlobalSection(SolutionProperties) = preSolution
		HideSolutionNode = FALSE
	EndGlobalSection
EndGlobal
